
Microsoft Visual Studio Solution File, Format Version 12.00
# Visual Studio Version 17
VisualStudioVersion = 17.14.36408.4 d17.14
MinimumVisualStudioVersion = 10.0.40219.1
Project("{FAE04EC0-301F-11D3-BF4B-00C04F79EFBC}") = "Bank-Management-System", "Bank-Management-System.csproj", "{983C390B-E48A-4DE4-B8CC-AA4B0A88AE89}"
EndProject
Global
	GlobalSection(SolutionConfigurationPlatforms) = preSolution
		Debug|Any CPU = Debug|Any CPU
		Release|Any CPU = Release|Any CPU
	EndGlobalSection
	GlobalSection(ProjectConfigurationPlatforms) = postSolution
		{983C390B-E48A-4DE4-B8CC-AA4B0A88AE89}.Debug|Any CPU.ActiveCfg = Debug|Any CPU
		{983C390B-E48A-4DE4-B8CC-AA4B0A88AE89}.Debug|Any CPU.Build.0 = Debug|Any CPU
		{983C390B-E48A-4DE4-B8CC-AA4B0A88AE89}.Release|Any CPU.ActiveCfg = Release|Any CPU
		{983C390B-E48A-4DE4-B8CC-AA4B0A88AE89}.Release|Any CPU.Build.0 = Release|Any CPU
	EndGlobalSection
	GlobalSection(SolutionProperties) = preSolution
		HideSolutionNode = FALSE
	EndGlobalSection
	GlobalSection(ExtensibilityGlobals) = postSolution
		SolutionGuid = {7B03B9C1-B0F6-49FE-9D9E-93AA61D331E1}
	EndGlobalSection
EndGlobal
